
Microsoft Visual Studio Solution File, Format Version 12.00
# Visual Studio Version 17
VisualStudioVersion = 17.4.33213.308
MinimumVisualStudioVersion = 10.0.40219.1
Project("{FAE04EC0-301F-11D3-BF4B-00C04F79EFBC}") = "20232401 metodes_PortAventura", "20232401 metodes_PortAventura\20232401 metodes_PortAventura.csproj", "{C3B0C0A0-37D5-4B8A-8B19-F8C3DF7F3365}"
EndProject
Global
	GlobalSection(SolutionConfigurationPlatforms) = preSolution
		Debug|Any CPU = Debug|Any CPU
		Release|Any CPU = Release|Any CPU
	EndGlobalSection
	GlobalSection(ProjectConfigurationPlatforms) = postSolution
		{C3B0C0A0-37D5-4B8A-8B19-F8C3DF7F3365}.Debug|Any CPU.ActiveCfg = Debug|Any CPU
		{C3B0C0A0-37D5-4B8A-8B19-F8C3DF7F3365}.Debug|Any CPU.Build.0 = Debug|Any CPU
		{C3B0C0A0-37D5-4B8A-8B19-F8C3DF7F3365}.Release|Any CPU.ActiveCfg = Release|Any CPU
		{C3B0C0A0-37D5-4B8A-8B19-F8C3DF7F3365}.Release|Any CPU.Build.0 = Release|Any CPU
	EndGlobalSection
	GlobalSection(SolutionProperties) = preSolution
		HideSolutionNode = FALSE
	EndGlobalSection
	GlobalSection(ExtensibilityGlobals) = postSolution
		SolutionGuid = {F5F10B67-0AE6-4479-B3C2-7FA56223500B}
	EndGlobalSection
EndGlobal
